<?xml version="1.0" encoding="utf-8"?>
<Project ToolsVersion="4.0" xmlns="http://schemas.microsoft.com/developer/msbuild/2003">
  <ItemGroup>
    <Filter Include="Application">
      <UniqueIdentifier>{D9DE78AF-4594-F1A4-CE88-EB7B3A3DE8A8}</UniqueIdentifier>
    </Filter>
    <Filter Include="Core">
      <UniqueIdentifier>{2EB4837C-1AEB-840D-C3D7-6A10AFED000F}</UniqueIdentifier>
    </Filter>
    <Filter Include="Events">
      <UniqueIdentifier>{3A8963B1-262B-8E87-0FE6-A1DBFB2615D8}</UniqueIdentifier>
    </Filter>
    <Filter Include="Interface">
      <UniqueIdentifier>{764D2783-E2B7-DBF9-2BF6-8C9F979FB94E}</UniqueIdentifier>
    </Filter>
    <Filter Include="Scanner">
      <UniqueIdentifier>{2F82E9E6-9B61-6882-A479-F35810D8CEE3}</UniqueIdentifier>
    </Filter>
  </ItemGroup>
  <ItemGroup>
    <ClInclude Include="src\Application\Application.h">
      <Filter>Application</Filter>
    </ClInclude>
    <ClInclude Include="src\Application\Entrypoint.h">
      <Filter>Application</Filter>
    </ClInclude>
    <ClInclude Include="src\Core\Clock.h">
      <Filter>Core</Filter>
    </ClInclude>
    <ClInclude Include="src\Core\Core.h">
      <Filter>Core</Filter>
    </ClInclude>
    <ClInclude Include="src\Core\Engine.h">
      <Filter>Core</Filter>
    </ClInclude>
    <ClInclude Include="src\Core\GameLoop.h">
      <Filter>Core</Filter>
    </ClInclude>
    <ClInclude Include="src\Core\Profiler.h">
      <Filter>Core</Filter>
    </ClInclude>
    <ClInclude Include="src\Core\Timer.h">
      <Filter>Core</Filter>
    </ClInclude>
    <ClInclude Include="src\Core\Utils.h">
      <Filter>Core</Filter>
    </ClInclude>
    <ClInclude Include="src\Events\ApplicationEvent.h">
      <Filter>Events</Filter>
    </ClInclude>
    <ClInclude Include="src\Events\Event.h">
      <Filter>Events</Filter>
    </ClInclude>
    <ClInclude Include="src\Events\Input.h">
      <Filter>Events</Filter>
    </ClInclude>
    <ClInclude Include="src\Events\KeyCodes.h">
      <Filter>Events</Filter>
    </ClInclude>
    <ClInclude Include="src\Events\KeyEvent.h">
      <Filter>Events</Filter>
    </ClInclude>
    <ClInclude Include="src\Events\MouseButtons.h">
      <Filter>Events</Filter>
    </ClInclude>
    <ClInclude Include="src\Events\MouseEvent.h">
      <Filter>Events</Filter>
    </ClInclude>
    <ClInclude Include="src\Interface\ImGuiLayer.h">
      <Filter>Interface</Filter>
    </ClInclude>
    <ClInclude Include="src\Interface\Layer.h">
      <Filter>Interface</Filter>
    </ClInclude>
    <ClInclude Include="src\Interface\LayerStack.h">
      <Filter>Interface</Filter>
    </ClInclude>
    <ClInclude Include="src\Interface\Texture.h">
      <Filter>Interface</Filter>
    </ClInclude>
    <ClInclude Include="src\Interface\Window.h">
      <Filter>Interface</Filter>
    </ClInclude>
    <ClInclude Include="src\Scanner\Protocol.h">
      <Filter>Scanner</Filter>
    </ClInclude>
    <ClInclude Include="src\Scanner\Scanner.h">
      <Filter>Scanner</Filter>
    </ClInclude>
    <ClInclude Include="src\gt511c3.h" />
  </ItemGroup>
  <ItemGroup>
    <ClCompile Include="src\Application\Application.cpp">
      <Filter>Application</Filter>
    </ClCompile>
    <ClCompile Include="src\Core\Clock.cpp">
      <Filter>Core</Filter>
    </ClCompile>
    <ClCompile Include="src\Core\Engine.cpp">
      <Filter>Core</Filter>
    </ClCompile>
    <ClCompile Include="src\Core\GameLoop.cpp">
      <Filter>Core</Filter>
    </ClCompile>
    <ClCompile Include="src\Core\Profiler.cpp">
      <Filter>Core</Filter>
    </ClCompile>
    <ClCompile Include="src\Core\Timer.cpp">
      <Filter>Core</Filter>
    </ClCompile>
    <ClCompile Include="src\Core\Utils.cpp">
      <Filter>Core</Filter>
    </ClCompile>
    <ClCompile Include="src\Events\Event.cpp">
      <Filter>Events</Filter>
    </ClCompile>
    <ClCompile Include="src\Interface\ImGuiBuild.cpp">
      <Filter>Interface</Filter>
    </ClCompile>
    <ClCompile Include="src\Interface\ImGuiLayer.cpp">
      <Filter>Interface</Filter>
    </ClCompile>
    <ClCompile Include="src\Interface\Layer.cpp">
      <Filter>Interface</Filter>
    </ClCompile>
    <ClCompile Include="src\Interface\LayerStack.cpp">
      <Filter>Interface</Filter>
    </ClCompile>
    <ClCompile Include="src\Interface\Texture.cpp">
      <Filter>Interface</Filter>
    </ClCompile>
    <ClCompile Include="src\Interface\Window.cpp">
      <Filter>Interface</Filter>
    </ClCompile>
    <ClCompile Include="src\Scanner\Scanner.cpp">
      <Filter>Scanner</Filter>
    </ClCompile>
  </ItemGroup>
</Project>